
Microsoft Visual Studio Solution File, Format Version 12.00
Project("{FAE04EC0-301F-11D3-BF4B-00C04F79EFBC}") = "Sample.Service", "Sample.Service\Sample.Service.csproj", "{36FA8EA1-9F9D-42C5-93BC-E3CDB35F8828}"
EndProject
Project("{FAE04EC0-301F-11D3-BF4B-00C04F79EFBC}") = "Sample.API", "Sample.API\Sample.API.csproj", "{D25AFB39-77A6-4CD6-B7CA-6781308B106E}"
EndProject
Project("{FAE04EC0-301F-11D3-BF4B-00C04F79EFBC}") = "Sample.Common", "Sample.Common\Sample.Common.csproj", "{3A420E28-611C-4F99-B5FA-747996D782B5}"
EndProject
Project("{FAE04EC0-301F-11D3-BF4B-00C04F79EFBC}") = "Sample.Contracts", "Sample.Contracts\Sample.Contracts.csproj", "{B1157E08-C212-442E-80E7-4B8EC0A10A03}"
EndProject
Project("{FAE04EC0-301F-11D3-BF4B-00C04F79EFBC}") = "Sample.Common.Test", "Sample.Common.Test\Sample.Common.Test.csproj", "{5A4F0908-0BDA-48F4-9832-F7B91F300924}"
EndProject
Project("{2150E333-8FDC-42A3-9474-1A3956D46DE8}") = "Warehouse", "Warehouse", "{A75ADB3C-C18D-4DEC-952D-55DF94D0D392}"
EndProject
Project("{FAE04EC0-301F-11D3-BF4B-00C04F79EFBC}") = "Warehouse.Service", "Warehouse.Service\Warehouse.Service.csproj", "{1B4FFE9F-2360-42EC-BCC9-100FFBDBA75A}"
EndProject
Project("{FAE04EC0-301F-11D3-BF4B-00C04F79EFBC}") = "Warehouse.Components", "Warehouse.Components\Warehouse.Components.csproj", "{03E49131-8FCB-4827-A699-AF148703E58E}"
EndProject
Project("{FAE04EC0-301F-11D3-BF4B-00C04F79EFBC}") = "Warehouse.Contracts", "Warehouse.Contracts\Warehouse.Contracts.csproj", "{041F9EA3-7E4D-42F5-AFCD-A1F5FD527F35}"
EndProject
Global
	GlobalSection(SolutionConfigurationPlatforms) = preSolution
		Debug|Any CPU = Debug|Any CPU
		Release|Any CPU = Release|Any CPU
	EndGlobalSection
	GlobalSection(ProjectConfigurationPlatforms) = postSolution
		{36FA8EA1-9F9D-42C5-93BC-E3CDB35F8828}.Debug|Any CPU.ActiveCfg = Debug|Any CPU
		{36FA8EA1-9F9D-42C5-93BC-E3CDB35F8828}.Debug|Any CPU.Build.0 = Debug|Any CPU
		{36FA8EA1-9F9D-42C5-93BC-E3CDB35F8828}.Release|Any CPU.ActiveCfg = Release|Any CPU
		{36FA8EA1-9F9D-42C5-93BC-E3CDB35F8828}.Release|Any CPU.Build.0 = Release|Any CPU
		{D25AFB39-77A6-4CD6-B7CA-6781308B106E}.Debug|Any CPU.ActiveCfg = Debug|Any CPU
		{D25AFB39-77A6-4CD6-B7CA-6781308B106E}.Debug|Any CPU.Build.0 = Debug|Any CPU
		{D25AFB39-77A6-4CD6-B7CA-6781308B106E}.Release|Any CPU.ActiveCfg = Release|Any CPU
		{D25AFB39-77A6-4CD6-B7CA-6781308B106E}.Release|Any CPU.Build.0 = Release|Any CPU
		{3A420E28-611C-4F99-B5FA-747996D782B5}.Debug|Any CPU.ActiveCfg = Debug|Any CPU
		{3A420E28-611C-4F99-B5FA-747996D782B5}.Debug|Any CPU.Build.0 = Debug|Any CPU
		{3A420E28-611C-4F99-B5FA-747996D782B5}.Release|Any CPU.ActiveCfg = Release|Any CPU
		{3A420E28-611C-4F99-B5FA-747996D782B5}.Release|Any CPU.Build.0 = Release|Any CPU
		{B1157E08-C212-442E-80E7-4B8EC0A10A03}.Debug|Any CPU.ActiveCfg = Debug|Any CPU
		{B1157E08-C212-442E-80E7-4B8EC0A10A03}.Debug|Any CPU.Build.0 = Debug|Any CPU
		{B1157E08-C212-442E-80E7-4B8EC0A10A03}.Release|Any CPU.ActiveCfg = Release|Any CPU
		{B1157E08-C212-442E-80E7-4B8EC0A10A03}.Release|Any CPU.Build.0 = Release|Any CPU
		{5A4F0908-0BDA-48F4-9832-F7B91F300924}.Debug|Any CPU.ActiveCfg = Debug|Any CPU
		{5A4F0908-0BDA-48F4-9832-F7B91F300924}.Debug|Any CPU.Build.0 = Debug|Any CPU
		{5A4F0908-0BDA-48F4-9832-F7B91F300924}.Release|Any CPU.ActiveCfg = Release|Any CPU
		{5A4F0908-0BDA-48F4-9832-F7B91F300924}.Release|Any CPU.Build.0 = Release|Any CPU
		{1B4FFE9F-2360-42EC-BCC9-100FFBDBA75A}.Debug|Any CPU.ActiveCfg = Debug|Any CPU
		{1B4FFE9F-2360-42EC-BCC9-100FFBDBA75A}.Debug|Any CPU.Build.0 = Debug|Any CPU
		{1B4FFE9F-2360-42EC-BCC9-100FFBDBA75A}.Release|Any CPU.ActiveCfg = Release|Any CPU
		{1B4FFE9F-2360-42EC-BCC9-100FFBDBA75A}.Release|Any CPU.Build.0 = Release|Any CPU
		{03E49131-8FCB-4827-A699-AF148703E58E}.Debug|Any CPU.ActiveCfg = Debug|Any CPU
		{03E49131-8FCB-4827-A699-AF148703E58E}.Debug|Any CPU.Build.0 = Debug|Any CPU
		{03E49131-8FCB-4827-A699-AF148703E58E}.Release|Any CPU.ActiveCfg = Release|Any CPU
		{03E49131-8FCB-4827-A699-AF148703E58E}.Release|Any CPU.Build.0 = Release|Any CPU
		{041F9EA3-7E4D-42F5-AFCD-A1F5FD527F35}.Debug|Any CPU.ActiveCfg = Debug|Any CPU
		{041F9EA3-7E4D-42F5-AFCD-A1F5FD527F35}.Debug|Any CPU.Build.0 = Debug|Any CPU
		{041F9EA3-7E4D-42F5-AFCD-A1F5FD527F35}.Release|Any CPU.ActiveCfg = Release|Any CPU
		{041F9EA3-7E4D-42F5-AFCD-A1F5FD527F35}.Release|Any CPU.Build.0 = Release|Any CPU
	EndGlobalSection
	GlobalSection(NestedProjects) = preSolution
		{1B4FFE9F-2360-42EC-BCC9-100FFBDBA75A} = {A75ADB3C-C18D-4DEC-952D-55DF94D0D392}
		{03E49131-8FCB-4827-A699-AF148703E58E} = {A75ADB3C-C18D-4DEC-952D-55DF94D0D392}
		{041F9EA3-7E4D-42F5-AFCD-A1F5FD527F35} = {A75ADB3C-C18D-4DEC-952D-55DF94D0D392}
	EndGlobalSection
EndGlobal
