
Microsoft Visual Studio Solution File, Format Version 12.00
# Visual Studio 15
Project("{FAE04EC0-301F-11D3-BF4B-00C04F79EFBC}") = "Sample.Service", "Sample.Service\Sample.Service.csproj", "{36FA8EA1-9F9D-42C5-93BC-E3CDB35F8828}"
EndProject
Project("{FAE04EC0-301F-11D3-BF4B-00C04F79EFBC}") = "Sample.API", "Sample.API\Sample.API.csproj", "{D25AFB39-77A6-4CD6-B7CA-6781308B106E}"
EndProject
Project("{FAE04EC0-301F-11D3-BF4B-00C04F79EFBC}") = "Sample.Common", "Sample.Common\Sample.Common.csproj", "{3A420E28-611C-4F99-B5FA-747996D782B5}"
EndProject
Project("{FAE04EC0-301F-11D3-BF4B-00C04F79EFBC}") = "Sample.Contracts", "Sample.Contracts\Sample.Contracts.csproj", "{B1157E08-C212-442E-80E7-4B8EC0A10A03}"
EndProject
Project("{FAE04EC0-301F-11D3-BF4B-00C04F79EFBC}") = "Sameple.StoreService", "Sameple.StoreService\Sameple.StoreService.csproj", "{ED28199D-ACE5-48F4-AC81-FCC5976A5300}"
EndProject
Global
	GlobalSection(SolutionConfigurationPlatforms) = preSolution
		Debug|Any CPU = Debug|Any CPU
		Release|Any CPU = Release|Any CPU
	EndGlobalSection
	GlobalSection(ProjectConfigurationPlatforms) = postSolution
		{36FA8EA1-9F9D-42C5-93BC-E3CDB35F8828}.Debug|Any CPU.ActiveCfg = Debug|Any CPU
		{36FA8EA1-9F9D-42C5-93BC-E3CDB35F8828}.Debug|Any CPU.Build.0 = Debug|Any CPU
		{36FA8EA1-9F9D-42C5-93BC-E3CDB35F8828}.Release|Any CPU.ActiveCfg = Release|Any CPU
		{36FA8EA1-9F9D-42C5-93BC-E3CDB35F8828}.Release|Any CPU.Build.0 = Release|Any CPU
		{D25AFB39-77A6-4CD6-B7CA-6781308B106E}.Debug|Any CPU.ActiveCfg = Debug|Any CPU
		{D25AFB39-77A6-4CD6-B7CA-6781308B106E}.Debug|Any CPU.Build.0 = Debug|Any CPU
		{D25AFB39-77A6-4CD6-B7CA-6781308B106E}.Release|Any CPU.ActiveCfg = Release|Any CPU
		{D25AFB39-77A6-4CD6-B7CA-6781308B106E}.Release|Any CPU.Build.0 = Release|Any CPU
		{3A420E28-611C-4F99-B5FA-747996D782B5}.Debug|Any CPU.ActiveCfg = Debug|Any CPU
		{3A420E28-611C-4F99-B5FA-747996D782B5}.Debug|Any CPU.Build.0 = Debug|Any CPU
		{3A420E28-611C-4F99-B5FA-747996D782B5}.Release|Any CPU.ActiveCfg = Release|Any CPU
		{3A420E28-611C-4F99-B5FA-747996D782B5}.Release|Any CPU.Build.0 = Release|Any CPU
		{B1157E08-C212-442E-80E7-4B8EC0A10A03}.Debug|Any CPU.ActiveCfg = Debug|Any CPU
		{B1157E08-C212-442E-80E7-4B8EC0A10A03}.Debug|Any CPU.Build.0 = Debug|Any CPU
		{B1157E08-C212-442E-80E7-4B8EC0A10A03}.Release|Any CPU.ActiveCfg = Release|Any CPU
		{B1157E08-C212-442E-80E7-4B8EC0A10A03}.Release|Any CPU.Build.0 = Release|Any CPU
		{ED28199D-ACE5-48F4-AC81-FCC5976A5300}.Debug|Any CPU.ActiveCfg = Debug|Any CPU
		{ED28199D-ACE5-48F4-AC81-FCC5976A5300}.Debug|Any CPU.Build.0 = Debug|Any CPU
		{ED28199D-ACE5-48F4-AC81-FCC5976A5300}.Release|Any CPU.ActiveCfg = Release|Any CPU
		{ED28199D-ACE5-48F4-AC81-FCC5976A5300}.Release|Any CPU.Build.0 = Release|Any CPU
	EndGlobalSection
EndGlobal
